// !$*UTF8*$!
{
	archiveVersion = 1;
	classes = {
	};
	objectVersion = 56;
	objects = {

/* Begin PBXBuildFile section */
		0302A7D0293EF3B90013B3A3 /* Album+CoreDataClass.swift in Sources */ = {isa = PBXBuildFile; fileRef = 0302A7CC293EF3B90013B3A3 /* Album+CoreDataClass.swift */; };
		0302A7D1293EF3B90013B3A3 /* Album+CoreDataProperties.swift in Sources */ = {isa = PBXBuildFile; fileRef = 0302A7CD293EF3B90013B3A3 /* Album+CoreDataProperties.swift */; };
		0302A7D2293EF3B90013B3A3 /* Photo+CoreDataClass.swift in Sources */ = {isa = PBXBuildFile; fileRef = 0302A7CE293EF3B90013B3A3 /* Photo+CoreDataClass.swift */; };
		0302A7D3293EF3B90013B3A3 /* Photo+CoreDataProperties.swift in Sources */ = {isa = PBXBuildFile; fileRef = 0302A7CF293EF3B90013B3A3 /* Photo+CoreDataProperties.swift */; };
		0302A7D6293EF58C0013B3A3 /* PersistentStorage.swift in Sources */ = {isa = PBXBuildFile; fileRef = 0302A7D5293EF58C0013B3A3 /* PersistentStorage.swift */; };
		034BF16A293DA219007880ED /* AppDelegate.swift in Sources */ = {isa = PBXBuildFile; fileRef = 034BF169293DA219007880ED /* AppDelegate.swift */; };
		034BF16C293DA219007880ED /* SceneDelegate.swift in Sources */ = {isa = PBXBuildFile; fileRef = 034BF16B293DA219007880ED /* SceneDelegate.swift */; };
		034BF16E293DA219007880ED /* ViewController.swift in Sources */ = {isa = PBXBuildFile; fileRef = 034BF16D293DA219007880ED /* ViewController.swift */; };
		034BF171293DA219007880ED /* Main.storyboard in Resources */ = {isa = PBXBuildFile; fileRef = 034BF16F293DA219007880ED /* Main.storyboard */; };
		034BF174293DA219007880ED /* PhotosApp.xcdatamodeld in Sources */ = {isa = PBXBuildFile; fileRef = 034BF172293DA219007880ED /* PhotosApp.xcdatamodeld */; };
		034BF176293DA21B007880ED /* Assets.xcassets in Resources */ = {isa = PBXBuildFile; fileRef = 034BF175293DA21B007880ED /* Assets.xcassets */; };
		034BF179293DA21B007880ED /* LaunchScreen.storyboard in Resources */ = {isa = PBXBuildFile; fileRef = 034BF177293DA21B007880ED /* LaunchScreen.storyboard */; };
		034BF184293DA21B007880ED /* PhotosAppTests.swift in Sources */ = {isa = PBXBuildFile; fileRef = 034BF183293DA21B007880ED /* PhotosAppTests.swift */; };
		034BF18E293DA21C007880ED /* PhotosAppUITests.swift in Sources */ = {isa = PBXBuildFile; fileRef = 034BF18D293DA21C007880ED /* PhotosAppUITests.swift */; };
		034BF190293DA21C007880ED /* PhotosAppUITestsLaunchTests.swift in Sources */ = {isa = PBXBuildFile; fileRef = 034BF18F293DA21C007880ED /* PhotosAppUITestsLaunchTests.swift */; };
/* End PBXBuildFile section */

/* Begin PBXContainerItemProxy section */
		034BF180293DA21B007880ED /* PBXContainerItemProxy */ = {
			isa = PBXContainerItemProxy;
			containerPortal = 034BF15E293DA219007880ED /* Project object */;
			proxyType = 1;
			remoteGlobalIDString = 034BF165293DA219007880ED;
			remoteInfo = PhotosApp;
		};
		034BF18A293DA21C007880ED /* PBXContainerItemProxy */ = {
			isa = PBXContainerItemProxy;
			containerPortal = 034BF15E293DA219007880ED /* Project object */;
			proxyType = 1;
			remoteGlobalIDString = 034BF165293DA219007880ED;
			remoteInfo = PhotosApp;
		};
/* End PBXContainerItemProxy section */

/* Begin PBXFileReference section */
		0302A7CC293EF3B90013B3A3 /* Album+CoreDataClass.swift */ = {isa = PBXFileReference; lastKnownFileType = sourcecode.swift; path = "Album+CoreDataClass.swift"; sourceTree = "<group>"; };
		0302A7CD293EF3B90013B3A3 /* Album+CoreDataProperties.swift */ = {isa = PBXFileReference; lastKnownFileType = sourcecode.swift; path = "Album+CoreDataProperties.swift"; sourceTree = "<group>"; };
		0302A7CE293EF3B90013B3A3 /* Photo+CoreDataClass.swift */ = {isa = PBXFileReference; lastKnownFileType = sourcecode.swift; path = "Photo+CoreDataClass.swift"; sourceTree = "<group>"; };
		0302A7CF293EF3B90013B3A3 /* Photo+CoreDataProperties.swift */ = {isa = PBXFileReference; lastKnownFileType = sourcecode.swift; path = "Photo+CoreDataProperties.swift"; sourceTree = "<group>"; };
		0302A7D5293EF58C0013B3A3 /* PersistentStorage.swift */ = {isa = PBXFileReference; lastKnownFileType = sourcecode.swift; path = PersistentStorage.swift; sourceTree = "<group>"; };
		034BF166293DA219007880ED /* PhotosApp.app */ = {isa = PBXFileReference; explicitFileType = wrapper.application; includeInIndex = 0; path = PhotosApp.app; sourceTree = BUILT_PRODUCTS_DIR; };
		034BF169293DA219007880ED /* AppDelegate.swift */ = {isa = PBXFileReference; lastKnownFileType = sourcecode.swift; path = AppDelegate.swift; sourceTree = "<group>"; };
		034BF16B293DA219007880ED /* SceneDelegate.swift */ = {isa = PBXFileReference; lastKnownFileType = sourcecode.swift; path = SceneDelegate.swift; sourceTree = "<group>"; };
		034BF16D293DA219007880ED /* ViewController.swift */ = {isa = PBXFileReference; lastKnownFileType = sourcecode.swift; path = ViewController.swift; sourceTree = "<group>"; };
		034BF170293DA219007880ED /* Base */ = {isa = PBXFileReference; lastKnownFileType = file.storyboard; name = Base; path = Base.lproj/Main.storyboard; sourceTree = "<group>"; };
		034BF173293DA219007880ED /* PhotosApp.xcdatamodel */ = {isa = PBXFileReference; lastKnownFileType = wrapper.xcdatamodel; path = PhotosApp.xcdatamodel; sourceTree = "<group>"; };
		034BF175293DA21B007880ED /* Assets.xcassets */ = {isa = PBXFileReference; lastKnownFileType = folder.assetcatalog; path = Assets.xcassets; sourceTree = "<group>"; };
		034BF178293DA21B007880ED /* Base */ = {isa = PBXFileReference; lastKnownFileType = file.storyboard; name = Base; path = Base.lproj/LaunchScreen.storyboard; sourceTree = "<group>"; };
		034BF17A293DA21B007880ED /* Info.plist */ = {isa = PBXFileReference; lastKnownFileType = text.plist.xml; path = Info.plist; sourceTree = "<group>"; };
		034BF17F293DA21B007880ED /* PhotosAppTests.xctest */ = {isa = PBXFileReference; explicitFileType = wrapper.cfbundle; includeInIndex = 0; path = PhotosAppTests.xctest; sourceTree = BUILT_PRODUCTS_DIR; };
		034BF183293DA21B007880ED /* PhotosAppTests.swift */ = {isa = PBXFileReference; lastKnownFileType = sourcecode.swift; path = PhotosAppTests.swift; sourceTree = "<group>"; };
		034BF189293DA21C007880ED /* PhotosAppUITests.xctest */ = {isa = PBXFileReference; explicitFileType = wrapper.cfbundle; includeInIndex = 0; path = PhotosAppUITests.xctest; sourceTree = BUILT_PRODUCTS_DIR; };
		034BF18D293DA21C007880ED /* PhotosAppUITests.swift */ = {isa = PBXFileReference; lastKnownFileType = sourcecode.swift; path = PhotosAppUITests.swift; sourceTree = "<group>"; };
		034BF18F293DA21C007880ED /* PhotosAppUITestsLaunchTests.swift */ = {isa = PBXFileReference; lastKnownFileType = sourcecode.swift; path = PhotosAppUITestsLaunchTests.swift; sourceTree = "<group>"; };
/* End PBXFileReference section */

/* Begin PBXFrameworksBuildPhase section */
		034BF163293DA219007880ED /* Frameworks */ = {
			isa = PBXFrameworksBuildPhase;
			buildActionMask = 2147483647;
			files = (
			);
			runOnlyForDeploymentPostprocessing = 0;
		};
		034BF17C293DA21B007880ED /* Frameworks */ = {
			isa = PBXFrameworksBuildPhase;
			buildActionMask = 2147483647;
			files = (
			);
			runOnlyForDeploymentPostprocessing = 0;
		};
		034BF186293DA21C007880ED /* Frameworks */ = {
			isa = PBXFrameworksBuildPhase;
			buildActionMask = 2147483647;
			files = (
			);
			runOnlyForDeploymentPostprocessing = 0;
		};
/* End PBXFrameworksBuildPhase section */

/* Begin PBXGroup section */
		0302A7D4293EF3D30013B3A3 /* SupportFiles */ = {
			isa = PBXGroup;
			children = (
				0302A7CF293EF3B90013B3A3 /* Photo+CoreDataProperties.swift */,
				0302A7CE293EF3B90013B3A3 /* Photo+CoreDataClass.swift */,
				0302A7CD293EF3B90013B3A3 /* Album+CoreDataProperties.swift */,
				0302A7CC293EF3B90013B3A3 /* Album+CoreDataClass.swift */,
				0302A7D5293EF58C0013B3A3 /* PersistentStorage.swift */,
			);
			path = SupportFiles;
			sourceTree = "<group>";
		};
		034BF15D293DA219007880ED = {
			isa = PBXGroup;
			children = (
				034BF168293DA219007880ED /* PhotosApp */,
				034BF182293DA21B007880ED /* PhotosAppTests */,
				034BF18C293DA21C007880ED /* PhotosAppUITests */,
				034BF167293DA219007880ED /* Products */,
			);
			sourceTree = "<group>";
		};
		034BF167293DA219007880ED /* Products */ = {
			isa = PBXGroup;
			children = (
				034BF166293DA219007880ED /* PhotosApp.app */,
				034BF17F293DA21B007880ED /* PhotosAppTests.xctest */,
				034BF189293DA21C007880ED /* PhotosAppUITests.xctest */,
			);
			name = Products;
			sourceTree = "<group>";
		};
		034BF168293DA219007880ED /* PhotosApp */ = {
			isa = PBXGroup;
			children = (
				0302A7D4293EF3D30013B3A3 /* SupportFiles */,
				034BF1AB293E011B007880ED /* Main Controller */,
				034BF169293DA219007880ED /* AppDelegate.swift */,
				034BF16B293DA219007880ED /* SceneDelegate.swift */,
				034BF16D293DA219007880ED /* ViewController.swift */,
				034BF16F293DA219007880ED /* Main.storyboard */,
				034BF175293DA21B007880ED /* Assets.xcassets */,
				034BF177293DA21B007880ED /* LaunchScreen.storyboard */,
				034BF17A293DA21B007880ED /* Info.plist */,
			);
			path = PhotosApp;
			sourceTree = "<group>";
		};
		034BF182293DA21B007880ED /* PhotosAppTests */ = {
			isa = PBXGroup;
			children = (
				034BF183293DA21B007880ED /* PhotosAppTests.swift */,
			);
			path = PhotosAppTests;
			sourceTree = "<group>";
		};
		034BF18C293DA21C007880ED /* PhotosAppUITests */ = {
			isa = PBXGroup;
			children = (
				034BF18D293DA21C007880ED /* PhotosAppUITests.swift */,
				034BF18F293DA21C007880ED /* PhotosAppUITestsLaunchTests.swift */,
				034BF172293DA219007880ED /* PhotosApp.xcdatamodeld */,
			);
			path = PhotosAppUITests;
			sourceTree = "<group>";
		};
		034BF1AB293E011B007880ED /* Main Controller */ = {
			isa = PBXGroup;
			children = (
			);
			path = "Main Controller";
			sourceTree = "<group>";
		};
/* End PBXGroup section */

/* Begin PBXNativeTarget section */
		034BF165293DA219007880ED /* PhotosApp */ = {
			isa = PBXNativeTarget;
			buildConfigurationList = 034BF193293DA21C007880ED /* Build configuration list for PBXNativeTarget "PhotosApp" */;
			buildPhases = (
				034BF162293DA219007880ED /* Sources */,
				034BF163293DA219007880ED /* Frameworks */,
				034BF164293DA219007880ED /* Resources */,
			);
			buildRules = (
			);
			dependencies = (
			);
			name = PhotosApp;
			productName = PhotosApp;
			productReference = 034BF166293DA219007880ED /* PhotosApp.app */;
			productType = "com.apple.product-type.application";
		};
		034BF17E293DA21B007880ED /* PhotosAppTests */ = {
			isa = PBXNativeTarget;
			buildConfigurationList = 034BF196293DA21C007880ED /* Build configuration list for PBXNativeTarget "PhotosAppTests" */;
			buildPhases = (
				034BF17B293DA21B007880ED /* Sources */,
				034BF17C293DA21B007880ED /* Frameworks */,
				034BF17D293DA21B007880ED /* Resources */,
			);
			buildRules = (
			);
			dependencies = (
				034BF181293DA21B007880ED /* PBXTargetDependency */,
			);
			name = PhotosAppTests;
			productName = PhotosAppTests;
			productReference = 034BF17F293DA21B007880ED /* PhotosAppTests.xctest */;
			productType = "com.apple.product-type.bundle.unit-test";
		};
		034BF188293DA21C007880ED /* PhotosAppUITests */ = {
			isa = PBXNativeTarget;
			buildConfigurationList = 034BF199293DA21C007880ED /* Build configuration list for PBXNativeTarget "PhotosAppUITests" */;
			buildPhases = (
				034BF185293DA21C007880ED /* Sources */,
				034BF186293DA21C007880ED /* Frameworks */,
				034BF187293DA21C007880ED /* Resources */,
			);
			buildRules = (
			);
			dependencies = (
				034BF18B293DA21C007880ED /* PBXTargetDependency */,
			);
			name = PhotosAppUITests;
			productName = PhotosAppUITests;
			productReference = 034BF189293DA21C007880ED /* PhotosAppUITests.xctest */;
			productType = "com.apple.product-type.bundle.ui-testing";
		};
/* End PBXNativeTarget section */

/* Begin PBXProject section */
		034BF15E293DA219007880ED /* Project object */ = {
			isa = PBXProject;
			attributes = {
				BuildIndependentTargetsInParallel = 1;
				LastSwiftUpdateCheck = 1410;
				LastUpgradeCheck = 1410;
				TargetAttributes = {
					034BF165293DA219007880ED = {
						CreatedOnToolsVersion = 14.1;
					};
					034BF17E293DA21B007880ED = {
						CreatedOnToolsVersion = 14.1;
						TestTargetID = 034BF165293DA219007880ED;
					};
					034BF188293DA21C007880ED = {
						CreatedOnToolsVersion = 14.1;
						TestTargetID = 034BF165293DA219007880ED;
					};
				};
			};
			buildConfigurationList = 034BF161293DA219007880ED /* Build configuration list for PBXProject "PhotosApp" */;
			compatibilityVersion = "Xcode 14.0";
			developmentRegion = en;
			hasScannedForEncodings = 0;
			knownRegions = (
				en,
				Base,
			);
			mainGroup = 034BF15D293DA219007880ED;
			productRefGroup = 034BF167293DA219007880ED /* Products */;
			projectDirPath = "";
			projectRoot = "";
			targets = (
				034BF165293DA219007880ED /* PhotosApp */,
				034BF17E293DA21B007880ED /* PhotosAppTests */,
				034BF188293DA21C007880ED /* PhotosAppUITests */,
			);
		};
/* End PBXProject section */

/* Begin PBXResourcesBuildPhase section */
		034BF164293DA219007880ED /* Resources */ = {
			isa = PBXResourcesBuildPhase;
			buildActionMask = 2147483647;
			files = (
				034BF179293DA21B007880ED /* LaunchScreen.storyboard in Resources */,
				034BF176293DA21B007880ED /* Assets.xcassets in Resources */,
				034BF171293DA219007880ED /* Main.storyboard in Resources */,
			);
			runOnlyForDeploymentPostprocessing = 0;
		};
		034BF17D293DA21B007880ED /* Resources */ = {
			isa = PBXResourcesBuildPhase;
			buildActionMask = 2147483647;
			files = (
			);
			runOnlyForDeploymentPostprocessing = 0;
		};
		034BF187293DA21C007880ED /* Resources */ = {
			isa = PBXResourcesBuildPhase;
			buildActionMask = 2147483647;
			files = (
			);
			runOnlyForDeploymentPostprocessing = 0;
		};
/* End PBXResourcesBuildPhase section */

/* Begin PBXSourcesBuildPhase section */
		034BF162293DA219007880ED /* Sources */ = {
			isa = PBXSourcesBuildPhase;
			buildActionMask = 2147483647;
			files = (
				034BF174293DA219007880ED /* PhotosApp.xcdatamodeld in Sources */,
				0302A7D2293EF3B90013B3A3 /* Photo+CoreDataClass.swift in Sources */,
				034BF16E293DA219007880ED /* ViewController.swift in Sources */,
				0302A7D6293EF58C0013B3A3 /* PersistentStorage.swift in Sources */,
				034BF16A293DA219007880ED /* AppDelegate.swift in Sources */,
				0302A7D1293EF3B90013B3A3 /* Album+CoreDataProperties.swift in Sources */,
				0302A7D0293EF3B90013B3A3 /* Album+CoreDataClass.swift in Sources */,
				0302A7D3293EF3B90013B3A3 /* Photo+CoreDataProperties.swift in Sources */,
				034BF16C293DA219007880ED /* SceneDelegate.swift in Sources */,
			);
			runOnlyForDeploymentPostprocessing = 0;
		};
		034BF17B293DA21B007880ED /* Sources */ = {
			isa = PBXSourcesBuildPhase;
			buildActionMask = 2147483647;
			files = (
				034BF184293DA21B007880ED /* PhotosAppTests.swift in Sources */,
			);
			runOnlyForDeploymentPostprocessing = 0;
		};
		034BF185293DA21C007880ED /* Sources */ = {
			isa = PBXSourcesBuildPhase;
			buildActionMask = 2147483647;
			files = (
				034BF18E293DA21C007880ED /* PhotosAppUITests.swift in Sources */,
				034BF190293DA21C007880ED /* PhotosAppUITestsLaunchTests.swift in Sources */,
			);
			runOnlyForDeploymentPostprocessing = 0;
		};
/* End PBXSourcesBuildPhase section */

/* Begin PBXTargetDependency section */
		034BF181293DA21B007880ED /* PBXTargetDependency */ = {
			isa = PBXTargetDependency;
			target = 034BF165293DA219007880ED /* PhotosApp */;
			targetProxy = 034BF180293DA21B007880ED /* PBXContainerItemProxy */;
		};
		034BF18B293DA21C007880ED /* PBXTargetDependency */ = {
			isa = PBXTargetDependency;
			target = 034BF165293DA219007880ED /* PhotosApp */;
			targetProxy = 034BF18A293DA21C007880ED /* PBXContainerItemProxy */;
		};
/* End PBXTargetDependency section */

/* Begin PBXVariantGroup section */
		034BF16F293DA219007880ED /* Main.storyboard */ = {
			isa = PBXVariantGroup;
			children = (
				034BF170293DA219007880ED /* Base */,
			);
			name = Main.storyboard;
			sourceTree = "<group>";
		};
		034BF177293DA21B007880ED /* LaunchScreen.storyboard */ = {
			isa = PBXVariantGroup;
			children = (
				034BF178293DA21B007880ED /* Base */,
			);
			name = LaunchScreen.storyboard;
			sourceTree = "<group>";
		};
/* End PBXVariantGroup section */

/* Begin XCBuildConfiguration section */
		034BF191293DA21C007880ED /* Debug */ = {
			isa = XCBuildConfiguration;
			buildSettings = {
				ALWAYS_SEARCH_USER_PATHS = NO;
				CLANG_ANALYZER_NONNULL = YES;
				CLANG_ANALYZER_NUMBER_OBJECT_CONVERSION = YES_AGGRESSIVE;
				CLANG_CXX_LANGUAGE_STANDARD = "gnu++20";
				CLANG_ENABLE_MODULES = YES;
				CLANG_ENABLE_OBJC_ARC = YES;
				CLANG_ENABLE_OBJC_WEAK = YES;
				CLANG_WARN_BLOCK_CAPTURE_AUTORELEASING = YES;
				CLANG_WARN_BOOL_CONVERSION = YES;
				CLANG_WARN_COMMA = YES;
				CLANG_WARN_CONSTANT_CONVERSION = YES;
				CLANG_WARN_DEPRECATED_OBJC_IMPLEMENTATIONS = YES;
				CLANG_WARN_DIRECT_OBJC_ISA_USAGE = YES_ERROR;
				CLANG_WARN_DOCUMENTATION_COMMENTS = YES;
				CLANG_WARN_EMPTY_BODY = YES;
				CLANG_WARN_ENUM_CONVERSION = YES;
				CLANG_WARN_INFINITE_RECURSION = YES;
				CLANG_WARN_INT_CONVERSION = YES;
				CLANG_WARN_NON_LITERAL_NULL_CONVERSION = YES;
				CLANG_WARN_OBJC_IMPLICIT_RETAIN_SELF = YES;
				CLANG_WARN_OBJC_LITERAL_CONVERSION = YES;
				CLANG_WARN_OBJC_ROOT_CLASS = YES_ERROR;
				CLANG_WARN_QUOTED_INCLUDE_IN_FRAMEWORK_HEADER = YES;
				CLANG_WARN_RANGE_LOOP_ANALYSIS = YES;
				CLANG_WARN_STRICT_PROTOTYPES = YES;
				CLANG_WARN_SUSPICIOUS_MOVE = YES;
				CLANG_WARN_UNGUARDED_AVAILABILITY = YES_AGGRESSIVE;
				CLANG_WARN_UNREACHABLE_CODE = YES;
				CLANG_WARN__DUPLICATE_METHOD_MATCH = YES;
				COPY_PHASE_STRIP = NO;
				DEBUG_INFORMATION_FORMAT = dwarf;
				ENABLE_STRICT_OBJC_MSGSEND = YES;
				ENABLE_TESTABILITY = YES;
				GCC_C_LANGUAGE_STANDARD = gnu11;
				GCC_DYNAMIC_NO_PIC = NO;
				GCC_NO_COMMON_BLOCKS = YES;
				GCC_OPTIMIZATION_LEVEL = 0;
				GCC_PREPROCESSOR_DEFINITIONS = (
					"DEBUG=1",
					"$(inherited)",
				);
				GCC_WARN_64_TO_32_BIT_CONVERSION = YES;
				GCC_WARN_ABOUT_RETURN_TYPE = YES_ERROR;
				GCC_WARN_UNDECLARED_SELECTOR = YES;
				GCC_WARN_UNINITIALIZED_AUTOS = YES_AGGRESSIVE;
				GCC_WARN_UNUSED_FUNCTION = YES;
				GCC_WARN_UNUSED_VARIABLE = YES;
				IPHONEOS_DEPLOYMENT_TARGET = 16.1;
				MTL_ENABLE_DEBUG_INFO = INCLUDE_SOURCE;
				MTL_FAST_MATH = YES;
				ONLY_ACTIVE_ARCH = YES;
				SDKROOT = iphoneos;
				SWIFT_ACTIVE_COMPILATION_CONDITIONS = DEBUG;
				SWIFT_OPTIMIZATION_LEVEL = "-Onone";
			};
			name = Debug;
		};
		034BF192293DA21C007880ED /* Release */ = {
			isa = XCBuildConfiguration;
			buildSettings = {
				ALWAYS_SEARCH_USER_PATHS = NO;
				CLANG_ANALYZER_NONNULL = YES;
				CLANG_ANALYZER_NUMBER_OBJECT_CONVERSION = YES_AGGRESSIVE;
				CLANG_CXX_LANGUAGE_STANDARD = "gnu++20";
				CLANG_ENABLE_MODULES = YES;
				CLANG_ENABLE_OBJC_ARC = YES;
				CLANG_ENABLE_OBJC_WEAK = YES;
				CLANG_WARN_BLOCK_CAPTURE_AUTORELEASING = YES;
				CLANG_WARN_BOOL_CONVERSION = YES;
				CLANG_WARN_COMMA = YES;
				CLANG_WARN_CONSTANT_CONVERSION = YES;
				CLANG_WARN_DEPRECATED_OBJC_IMPLEMENTATIONS = YES;
				CLANG_WARN_DIRECT_OBJC_ISA_USAGE = YES_ERROR;
				CLANG_WARN_DOCUMENTATION_COMMENTS = YES;
				CLANG_WARN_EMPTY_BODY = YES;
				CLANG_WARN_ENUM_CONVERSION = YES;
				CLANG_WARN_INFINITE_RECURSION = YES;
				CLANG_WARN_INT_CONVERSION = YES;
				CLANG_WARN_NON_LITERAL_NULL_CONVERSION = YES;
				CLANG_WARN_OBJC_IMPLICIT_RETAIN_SELF = YES;
				CLANG_WARN_OBJC_LITERAL_CONVERSION = YES;
				CLANG_WARN_OBJC_ROOT_CLASS = YES_ERROR;
				CLANG_WARN_QUOTED_INCLUDE_IN_FRAMEWORK_HEADER = YES;
				CLANG_WARN_RANGE_LOOP_ANALYSIS = YES;
				CLANG_WARN_STRICT_PROTOTYPES = YES;
				CLANG_WARN_SUSPICIOUS_MOVE = YES;
				CLANG_WARN_UNGUARDED_AVAILABILITY = YES_AGGRESSIVE;
				CLANG_WARN_UNREACHABLE_CODE = YES;
				CLANG_WARN__DUPLICATE_METHOD_MATCH = YES;
				COPY_PHASE_STRIP = NO;
				DEBUG_INFORMATION_FORMAT = "dwarf-with-dsym";
				ENABLE_NS_ASSERTIONS = NO;
				ENABLE_STRICT_OBJC_MSGSEND = YES;
				GCC_C_LANGUAGE_STANDARD = gnu11;
				GCC_NO_COMMON_BLOCKS = YES;
				GCC_WARN_64_TO_32_BIT_CONVERSION = YES;
				GCC_WARN_ABOUT_RETURN_TYPE = YES_ERROR;
				GCC_WARN_UNDECLARED_SELECTOR = YES;
				GCC_WARN_UNINITIALIZED_AUTOS = YES_AGGRESSIVE;
				GCC_WARN_UNUSED_FUNCTION = YES;
				GCC_WARN_UNUSED_VARIABLE = YES;
				IPHONEOS_DEPLOYMENT_TARGET = 16.1;
				MTL_ENABLE_DEBUG_INFO = NO;
				MTL_FAST_MATH = YES;
				SDKROOT = iphoneos;
				SWIFT_COMPILATION_MODE = wholemodule;
				SWIFT_OPTIMIZATION_LEVEL = "-O";
				VALIDATE_PRODUCT = YES;
			};
			name = Release;
		};
		034BF194293DA21C007880ED /* Debug */ = {
			isa = XCBuildConfiguration;
			buildSettings = {
				ASSETCATALOG_COMPILER_APPICON_NAME = AppIcon;
				ASSETCATALOG_COMPILER_GLOBAL_ACCENT_COLOR_NAME = AccentColor;
				CODE_SIGN_STYLE = Automatic;
				CURRENT_PROJECT_VERSION = 1;
				DEVELOPMENT_TEAM = 92L57X7YGH;
				GENERATE_INFOPLIST_FILE = YES;
				INFOPLIST_FILE = PhotosApp/Info.plist;
				INFOPLIST_KEY_UIApplicationSupportsIndirectInputEvents = YES;
				INFOPLIST_KEY_UILaunchStoryboardName = LaunchScreen;
				INFOPLIST_KEY_UISupportedInterfaceOrientations_iPad = "UIInterfaceOrientationPortrait UIInterfaceOrientationPortraitUpsideDown UIInterfaceOrientationLandscapeLeft UIInterfaceOrientationLandscapeRight";
				INFOPLIST_KEY_UISupportedInterfaceOrientations_iPhone = "UIInterfaceOrientationPortrait UIInterfaceOrientationLandscapeLeft UIInterfaceOrientationLandscapeRight";
				LD_RUNPATH_SEARCH_PATHS = (
					"$(inherited)",
					"@executable_path/Frameworks",
				);
				MARKETING_VERSION = 1.0;
				PRODUCT_BUNDLE_IDENTIFIER = com.kabir.CoreDataDemo.PhotosApp;
				PRODUCT_NAME = "$(TARGET_NAME)";
				SWIFT_EMIT_LOC_STRINGS = YES;
				SWIFT_VERSION = 5.0;
				TARGETED_DEVICE_FAMILY = "1,2";
			};
			name = Debug;
		};
		034BF195293DA21C007880ED /* Release */ = {
			isa = XCBuildConfiguration;
			buildSettings = {
				ASSETCATALOG_COMPILER_APPICON_NAME = AppIcon;
				ASSETCATALOG_COMPILER_GLOBAL_ACCENT_COLOR_NAME = AccentColor;
				CODE_SIGN_STYLE = Automatic;
				CURRENT_PROJECT_VERSION = 1;
				DEVELOPMENT_TEAM = 92L57X7YGH;
				GENERATE_INFOPLIST_FILE = YES;
				INFOPLIST_FILE = PhotosApp/Info.plist;
				INFOPLIST_KEY_UIApplicationSupportsIndirectInputEvents = YES;
				INFOPLIST_KEY_UILaunchStoryboardName = LaunchScreen;
				INFOPLIST_KEY_UISupportedInterfaceOrientations_iPad = "UIInterfaceOrientationPortrait UIInterfaceOrientationPortraitUpsideDown UIInterfaceOrientationLandscapeLeft UIInterfaceOrientationLandscapeRight";
				INFOPLIST_KEY_UISupportedInterfaceOrientations_iPhone = "UIInterfaceOrientationPortrait UIInterfaceOrientationLandscapeLeft UIInterfaceOrientationLandscapeRight";
				LD_RUNPATH_SEARCH_PATHS = (
					"$(inherited)",
					"@executable_path/Frameworks",
				);
				MARKETING_VERSION = 1.0;
				PRODUCT_BUNDLE_IDENTIFIER = com.kabir.CoreDataDemo.PhotosApp;
				PRODUCT_NAME = "$(TARGET_NAME)";
				SWIFT_EMIT_LOC_STRINGS = YES;
				SWIFT_VERSION = 5.0;
				TARGETED_DEVICE_FAMILY = "1,2";
			};
			name = Release;
		};
		034BF197293DA21C007880ED /* Debug */ = {
			isa = XCBuildConfiguration;
			buildSettings = {
				ALWAYS_EMBED_SWIFT_STANDARD_LIBRARIES = YES;
				BUNDLE_LOADER = "$(TEST_HOST)";
				CODE_SIGN_STYLE = Automatic;
				CURRENT_PROJECT_VERSION = 1;
				DEVELOPMENT_TEAM = 92L57X7YGH;
				GENERATE_INFOPLIST_FILE = YES;
				IPHONEOS_DEPLOYMENT_TARGET = 16.1;
				MARKETING_VERSION = 1.0;
				PRODUCT_BUNDLE_IDENTIFIER = com.kabir.CoreDataDemo.PhotosAppTests;
				PRODUCT_NAME = "$(TARGET_NAME)";
				SWIFT_EMIT_LOC_STRINGS = NO;
				SWIFT_VERSION = 5.0;
				TARGETED_DEVICE_FAMILY = "1,2";
				TEST_HOST = "$(BUILT_PRODUCTS_DIR)/PhotosApp.app/$(BUNDLE_EXECUTABLE_FOLDER_PATH)/PhotosApp";
			};
			name = Debug;
		};
		034BF198293DA21C007880ED /* Release */ = {
			isa = XCBuildConfiguration;
			buildSettings = {
				ALWAYS_EMBED_SWIFT_STANDARD_LIBRARIES = YES;
				BUNDLE_LOADER = "$(TEST_HOST)";
				CODE_SIGN_STYLE = Automatic;
				CURRENT_PROJECT_VERSION = 1;
				DEVELOPMENT_TEAM = 92L57X7YGH;
				GENERATE_INFOPLIST_FILE = YES;
				IPHONEOS_DEPLOYMENT_TARGET = 16.1;
				MARKETING_VERSION = 1.0;
				PRODUCT_BUNDLE_IDENTIFIER = com.kabir.CoreDataDemo.PhotosAppTests;
				PRODUCT_NAME = "$(TARGET_NAME)";
				SWIFT_EMIT_LOC_STRINGS = NO;
				SWIFT_VERSION = 5.0;
				TARGETED_DEVICE_FAMILY = "1,2";
				TEST_HOST = "$(BUILT_PRODUCTS_DIR)/PhotosApp.app/$(BUNDLE_EXECUTABLE_FOLDER_PATH)/PhotosApp";
			};
			name = Release;
		};
		034BF19A293DA21C007880ED /* Debug */ = {
			isa = XCBuildConfiguration;
			buildSettings = {
				ALWAYS_EMBED_SWIFT_STANDARD_LIBRARIES = YES;
				CODE_SIGN_STYLE = Automatic;
				CURRENT_PROJECT_VERSION = 1;
				DEVELOPMENT_TEAM = 92L57X7YGH;
				GENERATE_INFOPLIST_FILE = YES;
				MARKETING_VERSION = 1.0;
				PRODUCT_BUNDLE_IDENTIFIER = com.kabir.CoreDataDemo.PhotosAppUITests;
				PRODUCT_NAME = "$(TARGET_NAME)";
				SWIFT_EMIT_LOC_STRINGS = NO;
				SWIFT_VERSION = 5.0;
				TARGETED_DEVICE_FAMILY = "1,2";
				TEST_TARGET_NAME = PhotosApp;
			};
			name = Debug;
		};
		034BF19B293DA21C007880ED /* Release */ = {
			isa = XCBuildConfiguration;
			buildSettings = {
				ALWAYS_EMBED_SWIFT_STANDARD_LIBRARIES = YES;
				CODE_SIGN_STYLE = Automatic;
				CURRENT_PROJECT_VERSION = 1;
				DEVELOPMENT_TEAM = 92L57X7YGH;
				GENERATE_INFOPLIST_FILE = YES;
				MARKETING_VERSION = 1.0;
				PRODUCT_BUNDLE_IDENTIFIER = com.kabir.CoreDataDemo.PhotosAppUITests;
				PRODUCT_NAME = "$(TARGET_NAME)";
				SWIFT_EMIT_LOC_STRINGS = NO;
				SWIFT_VERSION = 5.0;
				TARGETED_DEVICE_FAMILY = "1,2";
				TEST_TARGET_NAME = PhotosApp;
			};
			name = Release;
		};
/* End XCBuildConfiguration section */

/* Begin XCConfigurationList section */
		034BF161293DA219007880ED /* Build configuration list for PBXProject "PhotosApp" */ = {
			isa = XCConfigurationList;
			buildConfigurations = (
				034BF191293DA21C007880ED /* Debug */,
				034BF192293DA21C007880ED /* Release */,
			);
			defaultConfigurationIsVisible = 0;
			defaultConfigurationName = Release;
		};
		034BF193293DA21C007880ED /* Build configuration list for PBXNativeTarget "PhotosApp" */ = {
			isa = XCConfigurationList;
			buildConfigurations = (
				034BF194293DA21C007880ED /* Debug */,
				034BF195293DA21C007880ED /* Release */,
			);
			defaultConfigurationIsVisible = 0;
			defaultConfigurationName = Release;
		};
		034BF196293DA21C007880ED /* Build configuration list for PBXNativeTarget "PhotosAppTests" */ = {
			isa = XCConfigurationList;
			buildConfigurations = (
				034BF197293DA21C007880ED /* Debug */,
				034BF198293DA21C007880ED /* Release */,
			);
			defaultConfigurationIsVisible = 0;
			defaultConfigurationName = Release;
		};
		034BF199293DA21C007880ED /* Build configuration list for PBXNativeTarget "PhotosAppUITests" */ = {
			isa = XCConfigurationList;
			buildConfigurations = (
				034BF19A293DA21C007880ED /* Debug */,
				034BF19B293DA21C007880ED /* Release */,
			);
			defaultConfigurationIsVisible = 0;
			defaultConfigurationName = Release;
		};
/* End XCConfigurationList section */

/* Begin XCVersionGroup section */
		034BF172293DA219007880ED /* PhotosApp.xcdatamodeld */ = {
			isa = XCVersionGroup;
			children = (
				034BF173293DA219007880ED /* PhotosApp.xcdatamodel */,
			);
			currentVersion = 034BF173293DA219007880ED /* PhotosApp.xcdatamodel */;
			path = PhotosApp.xcdatamodeld;
			sourceTree = "<group>";
			versionGroupType = wrapper.xcdatamodel;
		};
/* End XCVersionGroup section */
	};
	rootObject = 034BF15E293DA219007880ED /* Project object */;
}
